
Microsoft Visual Studio Solution File, Format Version 12.00
# Visual Studio Version 17
VisualStudioVersion = 17.8.34322.80
MinimumVisualStudioVersion = 10.0.40219.1
Project("{9A19103F-16F7-4668-BE54-9A1E7A4F7556}") = "Back-End.API", "Back-End.API\Back-End.API.csproj", "{A161D46A-9946-49BD-AA65-73DDD0D2C1E0}"
EndProject
Project("{9A19103F-16F7-4668-BE54-9A1E7A4F7556}") = "Back-End.Application", "Back-End.Application\Back-End.Application.csproj", "{2E793F09-3DC9-4C84-B3AE-E7CC0D8E7681}"
EndProject
Project("{9A19103F-16F7-4668-BE54-9A1E7A4F7556}") = "Back-End.Domain", "Back-End.Domain\Back-End.Domain.csproj", "{A6A06A22-1571-46CA-8679-25F99259EE00}"
EndProject
Project("{9A19103F-16F7-4668-BE54-9A1E7A4F7556}") = "Back-End.Infra", "Back-End.Infra\Back-End.Infra.csproj", "{E45704B7-1F83-4DC8-9952-83B43906041F}"
EndProject
Global
	GlobalSection(SolutionConfigurationPlatforms) = preSolution
		Debug|Any CPU = Debug|Any CPU
		Release|Any CPU = Release|Any CPU
	EndGlobalSection
	GlobalSection(ProjectConfigurationPlatforms) = postSolution
		{A161D46A-9946-49BD-AA65-73DDD0D2C1E0}.Debug|Any CPU.ActiveCfg = Debug|Any CPU
		{A161D46A-9946-49BD-AA65-73DDD0D2C1E0}.Debug|Any CPU.Build.0 = Debug|Any CPU
		{A161D46A-9946-49BD-AA65-73DDD0D2C1E0}.Release|Any CPU.ActiveCfg = Release|Any CPU
		{A161D46A-9946-49BD-AA65-73DDD0D2C1E0}.Release|Any CPU.Build.0 = Release|Any CPU
		{2E793F09-3DC9-4C84-B3AE-E7CC0D8E7681}.Debug|Any CPU.ActiveCfg = Debug|Any CPU
		{2E793F09-3DC9-4C84-B3AE-E7CC0D8E7681}.Debug|Any CPU.Build.0 = Debug|Any CPU
		{2E793F09-3DC9-4C84-B3AE-E7CC0D8E7681}.Release|Any CPU.ActiveCfg = Release|Any CPU
		{2E793F09-3DC9-4C84-B3AE-E7CC0D8E7681}.Release|Any CPU.Build.0 = Release|Any CPU
		{A6A06A22-1571-46CA-8679-25F99259EE00}.Debug|Any CPU.ActiveCfg = Debug|Any CPU
		{A6A06A22-1571-46CA-8679-25F99259EE00}.Debug|Any CPU.Build.0 = Debug|Any CPU
		{A6A06A22-1571-46CA-8679-25F99259EE00}.Release|Any CPU.ActiveCfg = Release|Any CPU
		{A6A06A22-1571-46CA-8679-25F99259EE00}.Release|Any CPU.Build.0 = Release|Any CPU
		{E45704B7-1F83-4DC8-9952-83B43906041F}.Debug|Any CPU.ActiveCfg = Debug|Any CPU
		{E45704B7-1F83-4DC8-9952-83B43906041F}.Debug|Any CPU.Build.0 = Debug|Any CPU
		{E45704B7-1F83-4DC8-9952-83B43906041F}.Release|Any CPU.ActiveCfg = Release|Any CPU
		{E45704B7-1F83-4DC8-9952-83B43906041F}.Release|Any CPU.Build.0 = Release|Any CPU
	EndGlobalSection
	GlobalSection(SolutionProperties) = preSolution
		HideSolutionNode = FALSE
	EndGlobalSection
	GlobalSection(ExtensibilityGlobals) = postSolution
		SolutionGuid = {D5F92E83-3266-4EE1-8DBA-248FE5AAD894}
	EndGlobalSection
EndGlobal
